
Microsoft Visual Studio Solution File, Format Version 12.00
# Visual Studio Version 17
VisualStudioVersion = 17.9.34607.119
MinimumVisualStudioVersion = 10.0.40219.1
Project("{9A19103F-16F7-4668-BE54-9A1E7A4F7556}") = "EIV_Game", "EIV_Game.csproj", "{53CC20E5-147E-43A2-A560-C5F072EFC1BE}"
EndProject
Project("{9A19103F-16F7-4668-BE54-9A1E7A4F7556}") = "ModAPI", "libs\GodotCSharpMod\ModAPI\ModAPI.csproj", "{B8576BC3-9864-4B8C-8761-F1F60B4AFB59}"
EndProject
Project("{9A19103F-16F7-4668-BE54-9A1E7A4F7556}") = "EIV_Core", "libs\EIV_Core\EIV_Core.csproj", "{4BE73DE2-A0CD-478B-89D0-4F4C6F0DA0C6}"
EndProject
Project("{9A19103F-16F7-4668-BE54-9A1E7A4F7556}") = "EIV_Common", "libs\EIV_Common\EIV_Common.csproj", "{F2A0D0FC-B18C-47A4-8728-5352022106B2}"
EndProject
Project("{9A19103F-16F7-4668-BE54-9A1E7A4F7556}") = "EIV_DataPack", "libs\EIV_DataPack\EIV_DataPack.csproj", "{684AA275-B3FF-4DC3-9DAB-B4C754FD9393}"
EndProject
Project("{9A19103F-16F7-4668-BE54-9A1E7A4F7556}") = "EIV_JsonLib", "libs\EIV_JsonLib\EIV_JsonLib.csproj", "{9CDFB56A-E9F1-485E-A626-E1EDB7B28F90}"
EndProject
Project("{9A19103F-16F7-4668-BE54-9A1E7A4F7556}") = "TestApp", "..\TestApp\TestApp.csproj", "{46BF2AED-252D-45D8-8DA2-0CE3294A2645}"
EndProject
Project("{9A19103F-16F7-4668-BE54-9A1E7A4F7556}") = "EIV_Common.MODAPI", "libs\EIV_Common\EIV_Common.MODAPI.csproj", "{F95C3E4B-34BD-4C55-AE54-5CC0382FEF39}"
EndProject
Global
	GlobalSection(SolutionConfigurationPlatforms) = preSolution
		Debug|Any CPU = Debug|Any CPU
		DebugClient|Any CPU = DebugClient|Any CPU
		DebugServer|Any CPU = DebugServer|Any CPU
		ExportDebug|Any CPU = ExportDebug|Any CPU
		ExportRelease|Any CPU = ExportRelease|Any CPU
		Release|Any CPU = Release|Any CPU
	EndGlobalSection
	GlobalSection(ProjectConfigurationPlatforms) = postSolution
		{53CC20E5-147E-43A2-A560-C5F072EFC1BE}.Debug|Any CPU.ActiveCfg = Debug|Any CPU
		{53CC20E5-147E-43A2-A560-C5F072EFC1BE}.Debug|Any CPU.Build.0 = Debug|Any CPU
		{53CC20E5-147E-43A2-A560-C5F072EFC1BE}.DebugClient|Any CPU.ActiveCfg = DebugClient|Any CPU
		{53CC20E5-147E-43A2-A560-C5F072EFC1BE}.DebugClient|Any CPU.Build.0 = DebugClient|Any CPU
		{53CC20E5-147E-43A2-A560-C5F072EFC1BE}.DebugServer|Any CPU.ActiveCfg = DebugServer|Any CPU
		{53CC20E5-147E-43A2-A560-C5F072EFC1BE}.DebugServer|Any CPU.Build.0 = DebugServer|Any CPU
		{53CC20E5-147E-43A2-A560-C5F072EFC1BE}.ExportDebug|Any CPU.ActiveCfg = ExportDebug|Any CPU
		{53CC20E5-147E-43A2-A560-C5F072EFC1BE}.ExportDebug|Any CPU.Build.0 = ExportDebug|Any CPU
		{53CC20E5-147E-43A2-A560-C5F072EFC1BE}.ExportRelease|Any CPU.ActiveCfg = ExportRelease|Any CPU
		{53CC20E5-147E-43A2-A560-C5F072EFC1BE}.ExportRelease|Any CPU.Build.0 = ExportRelease|Any CPU
		{53CC20E5-147E-43A2-A560-C5F072EFC1BE}.Release|Any CPU.ActiveCfg = ExportRelease|Any CPU
		{53CC20E5-147E-43A2-A560-C5F072EFC1BE}.Release|Any CPU.Build.0 = ExportRelease|Any CPU
		{B8576BC3-9864-4B8C-8761-F1F60B4AFB59}.Debug|Any CPU.ActiveCfg = Debug|Any CPU
		{B8576BC3-9864-4B8C-8761-F1F60B4AFB59}.Debug|Any CPU.Build.0 = Debug|Any CPU
		{B8576BC3-9864-4B8C-8761-F1F60B4AFB59}.DebugClient|Any CPU.ActiveCfg = Debug|Any CPU
		{B8576BC3-9864-4B8C-8761-F1F60B4AFB59}.DebugClient|Any CPU.Build.0 = Debug|Any CPU
		{B8576BC3-9864-4B8C-8761-F1F60B4AFB59}.DebugServer|Any CPU.ActiveCfg = Debug|Any CPU
		{B8576BC3-9864-4B8C-8761-F1F60B4AFB59}.DebugServer|Any CPU.Build.0 = Debug|Any CPU
		{B8576BC3-9864-4B8C-8761-F1F60B4AFB59}.ExportDebug|Any CPU.ActiveCfg = ExportDebug|Any CPU
		{B8576BC3-9864-4B8C-8761-F1F60B4AFB59}.ExportDebug|Any CPU.Build.0 = ExportDebug|Any CPU
		{B8576BC3-9864-4B8C-8761-F1F60B4AFB59}.ExportRelease|Any CPU.ActiveCfg = ExportRelease|Any CPU
		{B8576BC3-9864-4B8C-8761-F1F60B4AFB59}.ExportRelease|Any CPU.Build.0 = ExportRelease|Any CPU
		{B8576BC3-9864-4B8C-8761-F1F60B4AFB59}.Release|Any CPU.ActiveCfg = ExportRelease|Any CPU
		{B8576BC3-9864-4B8C-8761-F1F60B4AFB59}.Release|Any CPU.Build.0 = ExportRelease|Any CPU
		{4BE73DE2-A0CD-478B-89D0-4F4C6F0DA0C6}.Debug|Any CPU.ActiveCfg = Debug|Any CPU
		{4BE73DE2-A0CD-478B-89D0-4F4C6F0DA0C6}.Debug|Any CPU.Build.0 = Debug|Any CPU
		{4BE73DE2-A0CD-478B-89D0-4F4C6F0DA0C6}.DebugClient|Any CPU.ActiveCfg = DebugClient|Any CPU
		{4BE73DE2-A0CD-478B-89D0-4F4C6F0DA0C6}.DebugClient|Any CPU.Build.0 = DebugClient|Any CPU
		{4BE73DE2-A0CD-478B-89D0-4F4C6F0DA0C6}.DebugServer|Any CPU.ActiveCfg = DebugServer|Any CPU
		{4BE73DE2-A0CD-478B-89D0-4F4C6F0DA0C6}.DebugServer|Any CPU.Build.0 = DebugServer|Any CPU
		{4BE73DE2-A0CD-478B-89D0-4F4C6F0DA0C6}.ExportDebug|Any CPU.ActiveCfg = Debug|Any CPU
		{4BE73DE2-A0CD-478B-89D0-4F4C6F0DA0C6}.ExportDebug|Any CPU.Build.0 = Debug|Any CPU
		{4BE73DE2-A0CD-478B-89D0-4F4C6F0DA0C6}.ExportRelease|Any CPU.ActiveCfg = Release|Any CPU
		{4BE73DE2-A0CD-478B-89D0-4F4C6F0DA0C6}.ExportRelease|Any CPU.Build.0 = Release|Any CPU
		{4BE73DE2-A0CD-478B-89D0-4F4C6F0DA0C6}.Release|Any CPU.ActiveCfg = Release|Any CPU
		{4BE73DE2-A0CD-478B-89D0-4F4C6F0DA0C6}.Release|Any CPU.Build.0 = Release|Any CPU
		{F2A0D0FC-B18C-47A4-8728-5352022106B2}.Debug|Any CPU.ActiveCfg = Debug|Any CPU
		{F2A0D0FC-B18C-47A4-8728-5352022106B2}.Debug|Any CPU.Build.0 = Debug|Any CPU
		{F2A0D0FC-B18C-47A4-8728-5352022106B2}.DebugClient|Any CPU.ActiveCfg = Debug|Any CPU
		{F2A0D0FC-B18C-47A4-8728-5352022106B2}.DebugClient|Any CPU.Build.0 = Debug|Any CPU
		{F2A0D0FC-B18C-47A4-8728-5352022106B2}.DebugServer|Any CPU.ActiveCfg = Debug|Any CPU
		{F2A0D0FC-B18C-47A4-8728-5352022106B2}.DebugServer|Any CPU.Build.0 = Debug|Any CPU
		{F2A0D0FC-B18C-47A4-8728-5352022106B2}.ExportDebug|Any CPU.ActiveCfg = Debug|Any CPU
		{F2A0D0FC-B18C-47A4-8728-5352022106B2}.ExportDebug|Any CPU.Build.0 = Debug|Any CPU
		{F2A0D0FC-B18C-47A4-8728-5352022106B2}.ExportRelease|Any CPU.ActiveCfg = Release|Any CPU
		{F2A0D0FC-B18C-47A4-8728-5352022106B2}.ExportRelease|Any CPU.Build.0 = Release|Any CPU
		{F2A0D0FC-B18C-47A4-8728-5352022106B2}.Release|Any CPU.ActiveCfg = Release|Any CPU
		{F2A0D0FC-B18C-47A4-8728-5352022106B2}.Release|Any CPU.Build.0 = Release|Any CPU
		{684AA275-B3FF-4DC3-9DAB-B4C754FD9393}.Debug|Any CPU.ActiveCfg = Debug|Any CPU
		{684AA275-B3FF-4DC3-9DAB-B4C754FD9393}.Debug|Any CPU.Build.0 = Debug|Any CPU
		{684AA275-B3FF-4DC3-9DAB-B4C754FD9393}.DebugClient|Any CPU.ActiveCfg = Debug|Any CPU
		{684AA275-B3FF-4DC3-9DAB-B4C754FD9393}.DebugClient|Any CPU.Build.0 = Debug|Any CPU
		{684AA275-B3FF-4DC3-9DAB-B4C754FD9393}.DebugServer|Any CPU.ActiveCfg = Debug|Any CPU
		{684AA275-B3FF-4DC3-9DAB-B4C754FD9393}.DebugServer|Any CPU.Build.0 = Debug|Any CPU
		{684AA275-B3FF-4DC3-9DAB-B4C754FD9393}.ExportDebug|Any CPU.ActiveCfg = Debug|Any CPU
		{684AA275-B3FF-4DC3-9DAB-B4C754FD9393}.ExportDebug|Any CPU.Build.0 = Debug|Any CPU
		{684AA275-B3FF-4DC3-9DAB-B4C754FD9393}.ExportRelease|Any CPU.ActiveCfg = Release|Any CPU
		{684AA275-B3FF-4DC3-9DAB-B4C754FD9393}.ExportRelease|Any CPU.Build.0 = Release|Any CPU
		{684AA275-B3FF-4DC3-9DAB-B4C754FD9393}.Release|Any CPU.ActiveCfg = Release|Any CPU
		{684AA275-B3FF-4DC3-9DAB-B4C754FD9393}.Release|Any CPU.Build.0 = Release|Any CPU
		{9CDFB56A-E9F1-485E-A626-E1EDB7B28F90}.Debug|Any CPU.ActiveCfg = Debug|Any CPU
		{9CDFB56A-E9F1-485E-A626-E1EDB7B28F90}.Debug|Any CPU.Build.0 = Debug|Any CPU
		{9CDFB56A-E9F1-485E-A626-E1EDB7B28F90}.DebugClient|Any CPU.ActiveCfg = Debug|Any CPU
		{9CDFB56A-E9F1-485E-A626-E1EDB7B28F90}.DebugClient|Any CPU.Build.0 = Debug|Any CPU
		{9CDFB56A-E9F1-485E-A626-E1EDB7B28F90}.DebugServer|Any CPU.ActiveCfg = Debug|Any CPU
		{9CDFB56A-E9F1-485E-A626-E1EDB7B28F90}.DebugServer|Any CPU.Build.0 = Debug|Any CPU
		{9CDFB56A-E9F1-485E-A626-E1EDB7B28F90}.ExportDebug|Any CPU.ActiveCfg = Debug|Any CPU
		{9CDFB56A-E9F1-485E-A626-E1EDB7B28F90}.ExportDebug|Any CPU.Build.0 = Debug|Any CPU
		{9CDFB56A-E9F1-485E-A626-E1EDB7B28F90}.ExportRelease|Any CPU.ActiveCfg = Release|Any CPU
		{9CDFB56A-E9F1-485E-A626-E1EDB7B28F90}.ExportRelease|Any CPU.Build.0 = Release|Any CPU
		{9CDFB56A-E9F1-485E-A626-E1EDB7B28F90}.Release|Any CPU.ActiveCfg = Release|Any CPU
		{9CDFB56A-E9F1-485E-A626-E1EDB7B28F90}.Release|Any CPU.Build.0 = Release|Any CPU
		{46BF2AED-252D-45D8-8DA2-0CE3294A2645}.Debug|Any CPU.ActiveCfg = Debug|Any CPU
		{46BF2AED-252D-45D8-8DA2-0CE3294A2645}.Debug|Any CPU.Build.0 = Debug|Any CPU
		{46BF2AED-252D-45D8-8DA2-0CE3294A2645}.DebugClient|Any CPU.ActiveCfg = Debug|Any CPU
		{46BF2AED-252D-45D8-8DA2-0CE3294A2645}.DebugClient|Any CPU.Build.0 = Debug|Any CPU
		{46BF2AED-252D-45D8-8DA2-0CE3294A2645}.DebugServer|Any CPU.ActiveCfg = Debug|Any CPU
		{46BF2AED-252D-45D8-8DA2-0CE3294A2645}.DebugServer|Any CPU.Build.0 = Debug|Any CPU
		{46BF2AED-252D-45D8-8DA2-0CE3294A2645}.ExportDebug|Any CPU.ActiveCfg = Debug|Any CPU
		{46BF2AED-252D-45D8-8DA2-0CE3294A2645}.ExportDebug|Any CPU.Build.0 = Debug|Any CPU
		{46BF2AED-252D-45D8-8DA2-0CE3294A2645}.ExportRelease|Any CPU.ActiveCfg = Release|Any CPU
		{46BF2AED-252D-45D8-8DA2-0CE3294A2645}.ExportRelease|Any CPU.Build.0 = Release|Any CPU
		{46BF2AED-252D-45D8-8DA2-0CE3294A2645}.Release|Any CPU.ActiveCfg = Release|Any CPU
		{46BF2AED-252D-45D8-8DA2-0CE3294A2645}.Release|Any CPU.Build.0 = Release|Any CPU
		{F95C3E4B-34BD-4C55-AE54-5CC0382FEF39}.Debug|Any CPU.ActiveCfg = Debug|Any CPU
		{F95C3E4B-34BD-4C55-AE54-5CC0382FEF39}.Debug|Any CPU.Build.0 = Debug|Any CPU
		{F95C3E4B-34BD-4C55-AE54-5CC0382FEF39}.DebugClient|Any CPU.ActiveCfg = Debug|Any CPU
		{F95C3E4B-34BD-4C55-AE54-5CC0382FEF39}.DebugClient|Any CPU.Build.0 = Debug|Any CPU
		{F95C3E4B-34BD-4C55-AE54-5CC0382FEF39}.DebugServer|Any CPU.ActiveCfg = Debug|Any CPU
		{F95C3E4B-34BD-4C55-AE54-5CC0382FEF39}.DebugServer|Any CPU.Build.0 = Debug|Any CPU
		{F95C3E4B-34BD-4C55-AE54-5CC0382FEF39}.ExportDebug|Any CPU.ActiveCfg = ExportDebug|Any CPU
		{F95C3E4B-34BD-4C55-AE54-5CC0382FEF39}.ExportDebug|Any CPU.Build.0 = ExportDebug|Any CPU
		{F95C3E4B-34BD-4C55-AE54-5CC0382FEF39}.ExportRelease|Any CPU.ActiveCfg = ExportRelease|Any CPU
		{F95C3E4B-34BD-4C55-AE54-5CC0382FEF39}.ExportRelease|Any CPU.Build.0 = ExportRelease|Any CPU
		{F95C3E4B-34BD-4C55-AE54-5CC0382FEF39}.Release|Any CPU.ActiveCfg = ExportRelease|Any CPU
		{F95C3E4B-34BD-4C55-AE54-5CC0382FEF39}.Release|Any CPU.Build.0 = ExportRelease|Any CPU
	EndGlobalSection
	GlobalSection(SolutionProperties) = preSolution
		HideSolutionNode = FALSE
	EndGlobalSection
	GlobalSection(ExtensibilityGlobals) = postSolution
		SolutionGuid = {58446CBA-D347-446A-9E7F-BD9AD70680AB}
	EndGlobalSection
EndGlobal
